
Microsoft Visual Studio Solution File, Format Version 12.00
# Visual Studio Version 17
VisualStudioVersion = 17.10.34928.147
MinimumVisualStudioVersion = 10.0.40219.1
Project("{FAE04EC0-301F-11D3-BF4B-00C04F79EFBC}") = "WinFormHomework", "WinFormHomework\WinFormHomework.csproj", "{91F2EF75-0DD9-4C38-B011-EB2B2B69AD4D}"
EndProject
Project("{FAE04EC0-301F-11D3-BF4B-00C04F79EFBC}") = "DemoLibrary2.0", "DemoLibrary2.0\DemoLibrary2.0.csproj", "{9BF83EE4-096D-4460-935C-B1589C84EE41}"
EndProject
Global
	GlobalSection(SolutionConfigurationPlatforms) = preSolution
		Debug|Any CPU = Debug|Any CPU
		Release|Any CPU = Release|Any CPU
	EndGlobalSection
	GlobalSection(ProjectConfigurationPlatforms) = postSolution
		{91F2EF75-0DD9-4C38-B011-EB2B2B69AD4D}.Debug|Any CPU.ActiveCfg = Debug|Any CPU
		{91F2EF75-0DD9-4C38-B011-EB2B2B69AD4D}.Debug|Any CPU.Build.0 = Debug|Any CPU
		{91F2EF75-0DD9-4C38-B011-EB2B2B69AD4D}.Release|Any CPU.ActiveCfg = Release|Any CPU
		{91F2EF75-0DD9-4C38-B011-EB2B2B69AD4D}.Release|Any CPU.Build.0 = Release|Any CPU
		{9BF83EE4-096D-4460-935C-B1589C84EE41}.Debug|Any CPU.ActiveCfg = Debug|Any CPU
		{9BF83EE4-096D-4460-935C-B1589C84EE41}.Debug|Any CPU.Build.0 = Debug|Any CPU
		{9BF83EE4-096D-4460-935C-B1589C84EE41}.Release|Any CPU.ActiveCfg = Release|Any CPU
		{9BF83EE4-096D-4460-935C-B1589C84EE41}.Release|Any CPU.Build.0 = Release|Any CPU
	EndGlobalSection
	GlobalSection(SolutionProperties) = preSolution
		HideSolutionNode = FALSE
	EndGlobalSection
	GlobalSection(ExtensibilityGlobals) = postSolution
		SolutionGuid = {987E322A-66D9-4A7F-B9FD-E615004163DF}
	EndGlobalSection
EndGlobal
